
Microsoft Visual Studio Solution File, Format Version 12.00
# Visual Studio Version 16
VisualStudioVersion = 16.0.32413.511
MinimumVisualStudioVersion = 10.0.40219.1
Project("{FAE04EC0-301F-11D3-BF4B-00C04F79EFBC}") = "Kae.StateMachine", "Kae.StateMachine\Kae.StateMachine.csproj", "{18785AD3-3E91-4246-ACA0-6B206B2B3B55}"
EndProject
Project("{FAE04EC0-301F-11D3-BF4B-00C04F79EFBC}") = "StateMachineSample", "StateMachineSample\StateMachineSample.csproj", "{23293FCF-A360-41B5-9A77-97E526C34816}"
EndProject
Global
	GlobalSection(SolutionConfigurationPlatforms) = preSolution
		Debug|Any CPU = Debug|Any CPU
		Release|Any CPU = Release|Any CPU
	EndGlobalSection
	GlobalSection(ProjectConfigurationPlatforms) = postSolution
		{18785AD3-3E91-4246-ACA0-6B206B2B3B55}.Debug|Any CPU.ActiveCfg = Debug|Any CPU
		{18785AD3-3E91-4246-ACA0-6B206B2B3B55}.Debug|Any CPU.Build.0 = Debug|Any CPU
		{18785AD3-3E91-4246-ACA0-6B206B2B3B55}.Release|Any CPU.ActiveCfg = Release|Any CPU
		{18785AD3-3E91-4246-ACA0-6B206B2B3B55}.Release|Any CPU.Build.0 = Release|Any CPU
		{23293FCF-A360-41B5-9A77-97E526C34816}.Debug|Any CPU.ActiveCfg = Debug|Any CPU
		{23293FCF-A360-41B5-9A77-97E526C34816}.Debug|Any CPU.Build.0 = Debug|Any CPU
		{23293FCF-A360-41B5-9A77-97E526C34816}.Release|Any CPU.ActiveCfg = Release|Any CPU
		{23293FCF-A360-41B5-9A77-97E526C34816}.Release|Any CPU.Build.0 = Release|Any CPU
	EndGlobalSection
	GlobalSection(SolutionProperties) = preSolution
		HideSolutionNode = FALSE
	EndGlobalSection
	GlobalSection(ExtensibilityGlobals) = postSolution
		SolutionGuid = {36F0DFB2-5898-43FB-AAFA-9010190D1033}
	EndGlobalSection
EndGlobal
